// !$*UTF8*$!
{
	archiveVersion = 1;
	classes = {
	};
	objectVersion = 50;
	objects = {

/* Begin PBXBuildFile section */
		0A18978920BF34BE009D7C32 /* Circle.swift in Sources */ = {isa = PBXBuildFile; fileRef = 0A18978820BF34BE009D7C32 /* Circle.swift */; };
		0A78593B20BC7E97002EBA8F /* SwichtesView.swift in Sources */ = {isa = PBXBuildFile; fileRef = 0A78593A20BC7E97002EBA8F /* SwichtesView.swift */; };
		0A78593E20BC7EB0002EBA8F /* SwitchesViewModelProtocol.swift in Sources */ = {isa = PBXBuildFile; fileRef = 0A78593D20BC7EB0002EBA8F /* SwitchesViewModelProtocol.swift */; };
		0A78594020BC7EBB002EBA8F /* SwitchesViewModel.swift in Sources */ = {isa = PBXBuildFile; fileRef = 0A78593F20BC7EBB002EBA8F /* SwitchesViewModel.swift */; };
		0A78594220BC844C002EBA8F /* SwitchesViewModelDelegate.swift in Sources */ = {isa = PBXBuildFile; fileRef = 0A78594120BC844C002EBA8F /* SwitchesViewModelDelegate.swift */; };
		0A78594820BCCA29002EBA8F /* ButtonsView.swift in Sources */ = {isa = PBXBuildFile; fileRef = 0A78594720BCCA29002EBA8F /* ButtonsView.swift */; };
		0A78594A20BCCB10002EBA8F /* ButtonsViewModel.swift in Sources */ = {isa = PBXBuildFile; fileRef = 0A78594920BCCB10002EBA8F /* ButtonsViewModel.swift */; };
		0A78594C20BCCB38002EBA8F /* ButtonsViewModelProtocol.swift in Sources */ = {isa = PBXBuildFile; fileRef = 0A78594B20BCCB38002EBA8F /* ButtonsViewModelProtocol.swift */; };
		0A78595020BCD056002EBA8F /* digital-7 (mono).ttf in Resources */ = {isa = PBXBuildFile; fileRef = 0A78594F20BCD055002EBA8F /* digital-7 (mono).ttf */; };
		0A78595220BCD127002EBA8F /* DisplayView.swift in Sources */ = {isa = PBXBuildFile; fileRef = 0A78595120BCD127002EBA8F /* DisplayView.swift */; };
		0A78595520BCD139002EBA8F /* DisplayViewModel.swift in Sources */ = {isa = PBXBuildFile; fileRef = 0A78595420BCD139002EBA8F /* DisplayViewModel.swift */; };
		0A78595720BCD148002EBA8F /* DisplayViewModelProtocol.swift in Sources */ = {isa = PBXBuildFile; fileRef = 0A78595620BCD148002EBA8F /* DisplayViewModelProtocol.swift */; };
		0A78595C20BCD2B7002EBA8F /* DisplayViewModelDelegate.swift in Sources */ = {isa = PBXBuildFile; fileRef = 0A78595B20BCD2B7002EBA8F /* DisplayViewModelDelegate.swift */; };
		45014FAF4EAC13290EDC30A2 /* Pods_IHSProject.framework in Frameworks */ = {isa = PBXBuildFile; fileRef = A7EF2C6114882DF7A92894EA /* Pods_IHSProject.framework */; };
		B803B28920B503BE009E1661 /* AppDelegate.swift in Sources */ = {isa = PBXBuildFile; fileRef = B803B28820B503BE009E1661 /* AppDelegate.swift */; };
		B803B28E20B503BE009E1661 /* Main.storyboard in Resources */ = {isa = PBXBuildFile; fileRef = B803B28C20B503BE009E1661 /* Main.storyboard */; };
		B803B29020B503BF009E1661 /* Assets.xcassets in Resources */ = {isa = PBXBuildFile; fileRef = B803B28F20B503BF009E1661 /* Assets.xcassets */; };
		B803B29320B503BF009E1661 /* LaunchScreen.storyboard in Resources */ = {isa = PBXBuildFile; fileRef = B803B29120B503BF009E1661 /* LaunchScreen.storyboard */; };
		B843FFFD20BCF78900036B17 /* SwitchesTVCell.swift in Sources */ = {isa = PBXBuildFile; fileRef = B843FFFC20BCF78900036B17 /* SwitchesTVCell.swift */; };
		B8577EFB20B51B61009E1055 /* ButtonsProtocol.swift in Sources */ = {isa = PBXBuildFile; fileRef = B8577EFA20B51B61009E1055 /* ButtonsProtocol.swift */; };
		B8577EFD20B51B6A009E1055 /* ButtonsProvider.swift in Sources */ = {isa = PBXBuildFile; fileRef = B8577EFC20B51B6A009E1055 /* ButtonsProvider.swift */; };
		B8577EFF20B51B72009E1055 /* ButtonsDelegate.swift in Sources */ = {isa = PBXBuildFile; fileRef = B8577EFE20B51B72009E1055 /* ButtonsDelegate.swift */; };
		B8577F0120B51B7E009E1055 /* DisplayProtocol.swift in Sources */ = {isa = PBXBuildFile; fileRef = B8577F0020B51B7E009E1055 /* DisplayProtocol.swift */; };
		B8577F0320B51B89009E1055 /* DisplayProvider.swift in Sources */ = {isa = PBXBuildFile; fileRef = B8577F0220B51B89009E1055 /* DisplayProvider.swift */; };
		B8577F0520B51B95009E1055 /* DisplayDelegate.swift in Sources */ = {isa = PBXBuildFile; fileRef = B8577F0420B51B95009E1055 /* DisplayDelegate.swift */; };
		B8639C8520CB4D6C0075CD8D /* torpedo.mp3 in Resources */ = {isa = PBXBuildFile; fileRef = B8639C8320CB4D6B0075CD8D /* torpedo.mp3 */; };
		B8639C8620CB4D6C0075CD8D /* explosion.mp3 in Resources */ = {isa = PBXBuildFile; fileRef = B8639C8420CB4D6B0075CD8D /* explosion.mp3 */; };
		B8639C9120CB4EAD0075CD8D /* Assets.xcassets in Resources */ = {isa = PBXBuildFile; fileRef = B8639C8F20CB4EAD0075CD8D /* Assets.xcassets */; };
		B8639C9420CB4EBF0075CD8D /* Starfield.sks in Resources */ = {isa = PBXBuildFile; fileRef = B8639C9220CB4EBF0075CD8D /* Starfield.sks */; };
		B8639C9520CB4EBF0075CD8D /* Explosion.sks in Resources */ = {isa = PBXBuildFile; fileRef = B8639C9320CB4EBF0075CD8D /* Explosion.sks */; };
		B8639C9B20CB4F8D0075CD8D /* GameScene.swift in Sources */ = {isa = PBXBuildFile; fileRef = B8639C9A20CB4F8D0075CD8D /* GameScene.swift */; };
		B8639C9D20CB51380075CD8D /* GameScene.sks in Resources */ = {isa = PBXBuildFile; fileRef = B8639C9C20CB51380075CD8D /* GameScene.sks */; };
		B8639CA020CB557E0075CD8D /* GameView.swift in Sources */ = {isa = PBXBuildFile; fileRef = B8639C9F20CB557E0075CD8D /* GameView.swift */; };
		B868AA9020B505B30071EAED /* Networking.swift in Sources */ = {isa = PBXBuildFile; fileRef = B868AA8F20B505B30071EAED /* Networking.swift */; };
		B868AA9320B506380071EAED /* Constants.swift in Sources */ = {isa = PBXBuildFile; fileRef = B868AA9220B506380071EAED /* Constants.swift */; };
		B868AA9920B509CA0071EAED /* SwitchesProtocol.swift in Sources */ = {isa = PBXBuildFile; fileRef = B868AA9820B509CA0071EAED /* SwitchesProtocol.swift */; };
		B868AA9B20B50A200071EAED /* SwitchesProvider.swift in Sources */ = {isa = PBXBuildFile; fileRef = B868AA9A20B50A200071EAED /* SwitchesProvider.swift */; };
		B868AA9E20B50AB00071EAED /* SwitchesDelegate.swift in Sources */ = {isa = PBXBuildFile; fileRef = B868AA9D20B50AB00071EAED /* SwitchesDelegate.swift */; };
		B8F51B1D20CB907600D2C965 /* GameViewModel.swift in Sources */ = {isa = PBXBuildFile; fileRef = B8F51B1C20CB907600D2C965 /* GameViewModel.swift */; };
		B8F51B1F20CB915600D2C965 /* GameViewModelDelegate.swift in Sources */ = {isa = PBXBuildFile; fileRef = B8F51B1E20CB915600D2C965 /* GameViewModelDelegate.swift */; };
		B8F51B2120CB918C00D2C965 /* GameViewModelProtocol.swift in Sources */ = {isa = PBXBuildFile; fileRef = B8F51B2020CB918C00D2C965 /* GameViewModelProtocol.swift */; };
		B8F51B2320CB930200D2C965 /* GameSceneProtocol.swift in Sources */ = {isa = PBXBuildFile; fileRef = B8F51B2220CB930200D2C965 /* GameSceneProtocol.swift */; };
		B8F51B2520CB95AA00D2C965 /* GameSceneDelegate.swift in Sources */ = {isa = PBXBuildFile; fileRef = B8F51B2420CB95AA00D2C965 /* GameSceneDelegate.swift */; };
/* End PBXBuildFile section */

/* Begin PBXFileReference section */
		0A18978820BF34BE009D7C32 /* Circle.swift */ = {isa = PBXFileReference; lastKnownFileType = sourcecode.swift; path = Circle.swift; sourceTree = "<group>"; };
		0A78593A20BC7E97002EBA8F /* SwichtesView.swift */ = {isa = PBXFileReference; lastKnownFileType = sourcecode.swift; path = SwichtesView.swift; sourceTree = "<group>"; };
		0A78593D20BC7EB0002EBA8F /* SwitchesViewModelProtocol.swift */ = {isa = PBXFileReference; lastKnownFileType = sourcecode.swift; path = SwitchesViewModelProtocol.swift; sourceTree = "<group>"; };
		0A78593F20BC7EBB002EBA8F /* SwitchesViewModel.swift */ = {isa = PBXFileReference; lastKnownFileType = sourcecode.swift; path = SwitchesViewModel.swift; sourceTree = "<group>"; };
		0A78594120BC844C002EBA8F /* SwitchesViewModelDelegate.swift */ = {isa = PBXFileReference; lastKnownFileType = sourcecode.swift; path = SwitchesViewModelDelegate.swift; sourceTree = "<group>"; };
		0A78594720BCCA29002EBA8F /* ButtonsView.swift */ = {isa = PBXFileReference; lastKnownFileType = sourcecode.swift; path = ButtonsView.swift; sourceTree = "<group>"; };
		0A78594920BCCB10002EBA8F /* ButtonsViewModel.swift */ = {isa = PBXFileReference; lastKnownFileType = sourcecode.swift; path = ButtonsViewModel.swift; sourceTree = "<group>"; };
		0A78594B20BCCB38002EBA8F /* ButtonsViewModelProtocol.swift */ = {isa = PBXFileReference; lastKnownFileType = sourcecode.swift; path = ButtonsViewModelProtocol.swift; sourceTree = "<group>"; };
		0A78594F20BCD055002EBA8F /* digital-7 (mono).ttf */ = {isa = PBXFileReference; lastKnownFileType = file; path = "digital-7 (mono).ttf"; sourceTree = "<group>"; };
		0A78595120BCD127002EBA8F /* DisplayView.swift */ = {isa = PBXFileReference; lastKnownFileType = sourcecode.swift; path = DisplayView.swift; sourceTree = "<group>"; };
		0A78595420BCD139002EBA8F /* DisplayViewModel.swift */ = {isa = PBXFileReference; lastKnownFileType = sourcecode.swift; path = DisplayViewModel.swift; sourceTree = "<group>"; };
		0A78595620BCD148002EBA8F /* DisplayViewModelProtocol.swift */ = {isa = PBXFileReference; lastKnownFileType = sourcecode.swift; path = DisplayViewModelProtocol.swift; sourceTree = "<group>"; };
		0A78595B20BCD2B7002EBA8F /* DisplayViewModelDelegate.swift */ = {isa = PBXFileReference; lastKnownFileType = sourcecode.swift; path = DisplayViewModelDelegate.swift; sourceTree = "<group>"; };
		2191F12D2D1695E2D0814CCF /* Pods-IHSProject.debug.xcconfig */ = {isa = PBXFileReference; includeInIndex = 1; lastKnownFileType = text.xcconfig; name = "Pods-IHSProject.debug.xcconfig"; path = "Pods/Target Support Files/Pods-IHSProject/Pods-IHSProject.debug.xcconfig"; sourceTree = "<group>"; };
		7F3550B25CB69AFB4B3CD237 /* Pods-IHSProject.release.xcconfig */ = {isa = PBXFileReference; includeInIndex = 1; lastKnownFileType = text.xcconfig; name = "Pods-IHSProject.release.xcconfig"; path = "Pods/Target Support Files/Pods-IHSProject/Pods-IHSProject.release.xcconfig"; sourceTree = "<group>"; };
		A7EF2C6114882DF7A92894EA /* Pods_IHSProject.framework */ = {isa = PBXFileReference; explicitFileType = wrapper.framework; includeInIndex = 0; path = Pods_IHSProject.framework; sourceTree = BUILT_PRODUCTS_DIR; };
		B803B28520B503BE009E1661 /* IHSProject.app */ = {isa = PBXFileReference; explicitFileType = wrapper.application; includeInIndex = 0; path = IHSProject.app; sourceTree = BUILT_PRODUCTS_DIR; };
		B803B28820B503BE009E1661 /* AppDelegate.swift */ = {isa = PBXFileReference; lastKnownFileType = sourcecode.swift; path = AppDelegate.swift; sourceTree = "<group>"; };
		B803B28D20B503BE009E1661 /* Base */ = {isa = PBXFileReference; lastKnownFileType = file.storyboard; name = Base; path = Base.lproj/Main.storyboard; sourceTree = "<group>"; };
		B803B28F20B503BF009E1661 /* Assets.xcassets */ = {isa = PBXFileReference; lastKnownFileType = folder.assetcatalog; path = Assets.xcassets; sourceTree = "<group>"; };
		B803B29220B503BF009E1661 /* Base */ = {isa = PBXFileReference; lastKnownFileType = file.storyboard; name = Base; path = Base.lproj/LaunchScreen.storyboard; sourceTree = "<group>"; };
		B803B29420B503BF009E1661 /* Info.plist */ = {isa = PBXFileReference; lastKnownFileType = text.plist.xml; path = Info.plist; sourceTree = "<group>"; };
		B843FFFC20BCF78900036B17 /* SwitchesTVCell.swift */ = {isa = PBXFileReference; lastKnownFileType = sourcecode.swift; path = SwitchesTVCell.swift; sourceTree = "<group>"; };
		B8577EFA20B51B61009E1055 /* ButtonsProtocol.swift */ = {isa = PBXFileReference; lastKnownFileType = sourcecode.swift; path = ButtonsProtocol.swift; sourceTree = "<group>"; };
		B8577EFC20B51B6A009E1055 /* ButtonsProvider.swift */ = {isa = PBXFileReference; lastKnownFileType = sourcecode.swift; path = ButtonsProvider.swift; sourceTree = "<group>"; };
		B8577EFE20B51B72009E1055 /* ButtonsDelegate.swift */ = {isa = PBXFileReference; lastKnownFileType = sourcecode.swift; path = ButtonsDelegate.swift; sourceTree = "<group>"; };
		B8577F0020B51B7E009E1055 /* DisplayProtocol.swift */ = {isa = PBXFileReference; lastKnownFileType = sourcecode.swift; path = DisplayProtocol.swift; sourceTree = "<group>"; };
		B8577F0220B51B89009E1055 /* DisplayProvider.swift */ = {isa = PBXFileReference; lastKnownFileType = sourcecode.swift; path = DisplayProvider.swift; sourceTree = "<group>"; };
		B8577F0420B51B95009E1055 /* DisplayDelegate.swift */ = {isa = PBXFileReference; lastKnownFileType = sourcecode.swift; path = DisplayDelegate.swift; sourceTree = "<group>"; };
		B8639C8320CB4D6B0075CD8D /* torpedo.mp3 */ = {isa = PBXFileReference; lastKnownFileType = audio.mp3; path = torpedo.mp3; sourceTree = "<group>"; };
		B8639C8420CB4D6B0075CD8D /* explosion.mp3 */ = {isa = PBXFileReference; lastKnownFileType = audio.mp3; path = explosion.mp3; sourceTree = "<group>"; };
		B8639C8F20CB4EAD0075CD8D /* Assets.xcassets */ = {isa = PBXFileReference; lastKnownFileType = folder.assetcatalog; path = Assets.xcassets; sourceTree = "<group>"; };
		B8639C9220CB4EBF0075CD8D /* Starfield.sks */ = {isa = PBXFileReference; lastKnownFileType = file.sks; path = Starfield.sks; sourceTree = "<group>"; };
		B8639C9320CB4EBF0075CD8D /* Explosion.sks */ = {isa = PBXFileReference; lastKnownFileType = file.sks; path = Explosion.sks; sourceTree = "<group>"; };
		B8639C9A20CB4F8D0075CD8D /* GameScene.swift */ = {isa = PBXFileReference; lastKnownFileType = sourcecode.swift; path = GameScene.swift; sourceTree = "<group>"; };
		B8639C9C20CB51380075CD8D /* GameScene.sks */ = {isa = PBXFileReference; lastKnownFileType = file.sks; path = GameScene.sks; sourceTree = "<group>"; };
		B8639C9F20CB557E0075CD8D /* GameView.swift */ = {isa = PBXFileReference; lastKnownFileType = sourcecode.swift; path = GameView.swift; sourceTree = "<group>"; };
		B868AA8F20B505B30071EAED /* Networking.swift */ = {isa = PBXFileReference; lastKnownFileType = sourcecode.swift; path = Networking.swift; sourceTree = "<group>"; };
		B868AA9220B506380071EAED /* Constants.swift */ = {isa = PBXFileReference; lastKnownFileType = sourcecode.swift; path = Constants.swift; sourceTree = "<group>"; };
		B868AA9820B509CA0071EAED /* SwitchesProtocol.swift */ = {isa = PBXFileReference; lastKnownFileType = sourcecode.swift; path = SwitchesProtocol.swift; sourceTree = "<group>"; };
		B868AA9A20B50A200071EAED /* SwitchesProvider.swift */ = {isa = PBXFileReference; lastKnownFileType = sourcecode.swift; path = SwitchesProvider.swift; sourceTree = "<group>"; };
		B868AA9D20B50AB00071EAED /* SwitchesDelegate.swift */ = {isa = PBXFileReference; lastKnownFileType = sourcecode.swift; path = SwitchesDelegate.swift; sourceTree = "<group>"; };
		B8F51B1C20CB907600D2C965 /* GameViewModel.swift */ = {isa = PBXFileReference; lastKnownFileType = sourcecode.swift; path = GameViewModel.swift; sourceTree = "<group>"; };
		B8F51B1E20CB915600D2C965 /* GameViewModelDelegate.swift */ = {isa = PBXFileReference; lastKnownFileType = sourcecode.swift; path = GameViewModelDelegate.swift; sourceTree = "<group>"; };
		B8F51B2020CB918C00D2C965 /* GameViewModelProtocol.swift */ = {isa = PBXFileReference; lastKnownFileType = sourcecode.swift; path = GameViewModelProtocol.swift; sourceTree = "<group>"; };
		B8F51B2220CB930200D2C965 /* GameSceneProtocol.swift */ = {isa = PBXFileReference; lastKnownFileType = sourcecode.swift; path = GameSceneProtocol.swift; sourceTree = "<group>"; };
		B8F51B2420CB95AA00D2C965 /* GameSceneDelegate.swift */ = {isa = PBXFileReference; lastKnownFileType = sourcecode.swift; path = GameSceneDelegate.swift; sourceTree = "<group>"; };
/* End PBXFileReference section */

/* Begin PBXFrameworksBuildPhase section */
		B803B28220B503BE009E1661 /* Frameworks */ = {
			isa = PBXFrameworksBuildPhase;
			buildActionMask = 2147483647;
			files = (
				45014FAF4EAC13290EDC30A2 /* Pods_IHSProject.framework in Frameworks */,
			);
			runOnlyForDeploymentPostprocessing = 0;
		};
/* End PBXFrameworksBuildPhase section */

/* Begin PBXGroup section */
		0A78593720BC7E6C002EBA8F /* Switches */ = {
			isa = PBXGroup;
			children = (
				0A78593820BC7E78002EBA8F /* ViewModel */,
				0A78593920BC7E7D002EBA8F /* View */,
			);
			path = Switches;
			sourceTree = "<group>";
		};
		0A78593820BC7E78002EBA8F /* ViewModel */ = {
			isa = PBXGroup;
			children = (
				0A78593F20BC7EBB002EBA8F /* SwitchesViewModel.swift */,
				0A78593D20BC7EB0002EBA8F /* SwitchesViewModelProtocol.swift */,
				0A78594120BC844C002EBA8F /* SwitchesViewModelDelegate.swift */,
			);
			path = ViewModel;
			sourceTree = "<group>";
		};
		0A78593920BC7E7D002EBA8F /* View */ = {
			isa = PBXGroup;
			children = (
				0A78593A20BC7E97002EBA8F /* SwichtesView.swift */,
				B843FFFB20BCF77800036B17 /* Subviews */,
			);
			path = View;
			sourceTree = "<group>";
		};
		0A78594320BCC9E7002EBA8F /* Buttons */ = {
			isa = PBXGroup;
			children = (
				0A78594520BCCA07002EBA8F /* ViewModel */,
				0A78594620BCCA0D002EBA8F /* View */,
			);
			path = Buttons;
			sourceTree = "<group>";
		};
		0A78594420BCC9FB002EBA8F /* Display */ = {
			isa = PBXGroup;
			children = (
				0A78594D20BCCFAA002EBA8F /* ViewModel */,
				0A78594E20BCCFAF002EBA8F /* View */,
			);
			path = Display;
			sourceTree = "<group>";
		};
		0A78594520BCCA07002EBA8F /* ViewModel */ = {
			isa = PBXGroup;
			children = (
				0A78594920BCCB10002EBA8F /* ButtonsViewModel.swift */,
				0A78594B20BCCB38002EBA8F /* ButtonsViewModelProtocol.swift */,
			);
			path = ViewModel;
			sourceTree = "<group>";
		};
		0A78594620BCCA0D002EBA8F /* View */ = {
			isa = PBXGroup;
			children = (
				0A78594720BCCA29002EBA8F /* ButtonsView.swift */,
				B8639C8020CB4BBA0075CD8D /* Subviews */,
			);
			path = View;
			sourceTree = "<group>";
		};
		0A78594D20BCCFAA002EBA8F /* ViewModel */ = {
			isa = PBXGroup;
			children = (
				0A78595420BCD139002EBA8F /* DisplayViewModel.swift */,
				0A78595620BCD148002EBA8F /* DisplayViewModelProtocol.swift */,
				0A78595B20BCD2B7002EBA8F /* DisplayViewModelDelegate.swift */,
			);
			path = ViewModel;
			sourceTree = "<group>";
		};
		0A78594E20BCCFAF002EBA8F /* View */ = {
			isa = PBXGroup;
			children = (
				0A78595120BCD127002EBA8F /* DisplayView.swift */,
			);
			path = View;
			sourceTree = "<group>";
		};
		534E714677E96F1848B01101 /* Pods */ = {
			isa = PBXGroup;
			children = (
				2191F12D2D1695E2D0814CCF /* Pods-IHSProject.debug.xcconfig */,
				7F3550B25CB69AFB4B3CD237 /* Pods-IHSProject.release.xcconfig */,
			);
			name = Pods;
			sourceTree = "<group>";
		};
		7294F5DEED31FC6BF49AB285 /* Frameworks */ = {
			isa = PBXGroup;
			children = (
				A7EF2C6114882DF7A92894EA /* Pods_IHSProject.framework */,
			);
			name = Frameworks;
			sourceTree = "<group>";
		};
		B803B27C20B503BE009E1661 = {
			isa = PBXGroup;
			children = (
				B803B28720B503BE009E1661 /* IHSProject */,
				B803B28620B503BE009E1661 /* Products */,
				534E714677E96F1848B01101 /* Pods */,
				7294F5DEED31FC6BF49AB285 /* Frameworks */,
			);
			sourceTree = "<group>";
		};
		B803B28620B503BE009E1661 /* Products */ = {
			isa = PBXGroup;
			children = (
				B803B28520B503BE009E1661 /* IHSProject.app */,
			);
			name = Products;
			sourceTree = "<group>";
		};
		B803B28720B503BE009E1661 /* IHSProject */ = {
			isa = PBXGroup;
			children = (
				B803B29A20B503C8009E1661 /* App */,
				B8639C8220CB4CED0075CD8D /* Resources */,
				B8D047C420B5056100FD72CF /* Networking */,
				B803B29B20B503D6009E1661 /* Screens */,
			);
			path = IHSProject;
			sourceTree = "<group>";
		};
		B803B29A20B503C8009E1661 /* App */ = {
			isa = PBXGroup;
			children = (
				B803B29420B503BF009E1661 /* Info.plist */,
				B803B28820B503BE009E1661 /* AppDelegate.swift */,
				B803B28F20B503BF009E1661 /* Assets.xcassets */,
			);
			path = App;
			sourceTree = "<group>";
		};
		B803B29B20B503D6009E1661 /* Screens */ = {
			isa = PBXGroup;
			children = (
				B803B28C20B503BE009E1661 /* Main.storyboard */,
				B803B29120B503BF009E1661 /* LaunchScreen.storyboard */,
				0A78593720BC7E6C002EBA8F /* Switches */,
				0A78594320BCC9E7002EBA8F /* Buttons */,
				0A78594420BCC9FB002EBA8F /* Display */,
				B8639C9820CB4F4F0075CD8D /* Game */,
			);
			path = Screens;
			sourceTree = "<group>";
		};
		B843FFFB20BCF77800036B17 /* Subviews */ = {
			isa = PBXGroup;
			children = (
				B843FFFC20BCF78900036B17 /* SwitchesTVCell.swift */,
			);
			path = Subviews;
			sourceTree = "<group>";
		};
		B8639C8020CB4BBA0075CD8D /* Subviews */ = {
			isa = PBXGroup;
			children = (
				B8639C8120CB4BBF0075CD8D /* View */,
			);
			path = Subviews;
			sourceTree = "<group>";
		};
		B8639C8120CB4BBF0075CD8D /* View */ = {
			isa = PBXGroup;
			children = (
				0A18978820BF34BE009D7C32 /* Circle.swift */,
			);
			path = View;
			sourceTree = "<group>";
		};
		B8639C8220CB4CED0075CD8D /* Resources */ = {
			isa = PBXGroup;
			children = (
				B8639C8B20CB4DDE0075CD8D /* Game */,
				B868AA9220B506380071EAED /* Constants.swift */,
				0A78594F20BCD055002EBA8F /* digital-7 (mono).ttf */,
			);
			path = Resources;
			sourceTree = "<group>";
		};
		B8639C8B20CB4DDE0075CD8D /* Game */ = {
			isa = PBXGroup;
			children = (
				B8639C8D20CB4E050075CD8D /* Particles */,
				B8639C8C20CB4DEF0075CD8D /* Sounds */,
			);
			path = Game;
			sourceTree = "<group>";
		};
		B8639C8C20CB4DEF0075CD8D /* Sounds */ = {
			isa = PBXGroup;
			children = (
				B8639C8420CB4D6B0075CD8D /* explosion.mp3 */,
				B8639C8320CB4D6B0075CD8D /* torpedo.mp3 */,
			);
			path = Sounds;
			sourceTree = "<group>";
		};
		B8639C8D20CB4E050075CD8D /* Particles */ = {
			isa = PBXGroup;
			children = (
				B8639C9320CB4EBF0075CD8D /* Explosion.sks */,
				B8639C9220CB4EBF0075CD8D /* Starfield.sks */,
				B8639C8F20CB4EAD0075CD8D /* Assets.xcassets */,
			);
			path = Particles;
			sourceTree = "<group>";
		};
		B8639C9820CB4F4F0075CD8D /* Game */ = {
			isa = PBXGroup;
			children = (
				B8F51B1B20CB905B00D2C965 /* ViewModel */,
				B8639C9E20CB55610075CD8D /* View */,
			);
			path = Game;
			sourceTree = "<group>";
		};
		B8639C9920CB4F7B0075CD8D /* Scene */ = {
			isa = PBXGroup;
			children = (
				B8639C9A20CB4F8D0075CD8D /* GameScene.swift */,
				B8F51B2220CB930200D2C965 /* GameSceneProtocol.swift */,
				B8F51B2420CB95AA00D2C965 /* GameSceneDelegate.swift */,
				B8639C9C20CB51380075CD8D /* GameScene.sks */,
			);
			path = Scene;
			sourceTree = "<group>";
		};
		B8639C9E20CB55610075CD8D /* View */ = {
			isa = PBXGroup;
			children = (
				B8639C9F20CB557E0075CD8D /* GameView.swift */,
				B8639C9920CB4F7B0075CD8D /* Scene */,
			);
			path = View;
			sourceTree = "<group>";
		};
		B868AA9620B509B70071EAED /* Protocols */ = {
			isa = PBXGroup;
			children = (
				B868AA9820B509CA0071EAED /* SwitchesProtocol.swift */,
				B8577EFA20B51B61009E1055 /* ButtonsProtocol.swift */,
				B8577F0020B51B7E009E1055 /* DisplayProtocol.swift */,
			);
			path = Protocols;
			sourceTree = "<group>";
		};
		B868AA9720B509BD0071EAED /* Providers */ = {
			isa = PBXGroup;
			children = (
				B868AA9A20B50A200071EAED /* SwitchesProvider.swift */,
				B8577EFC20B51B6A009E1055 /* ButtonsProvider.swift */,
				B8577F0220B51B89009E1055 /* DisplayProvider.swift */,
			);
			path = Providers;
			sourceTree = "<group>";
		};
		B868AA9C20B50A9F0071EAED /* Delegates */ = {
			isa = PBXGroup;
			children = (
				B868AA9D20B50AB00071EAED /* SwitchesDelegate.swift */,
				B8577EFE20B51B72009E1055 /* ButtonsDelegate.swift */,
				B8577F0420B51B95009E1055 /* DisplayDelegate.swift */,
			);
			path = Delegates;
			sourceTree = "<group>";
		};
		B8D047C420B5056100FD72CF /* Networking */ = {
			isa = PBXGroup;
			children = (
				B868AA8F20B505B30071EAED /* Networking.swift */,
				B868AA9620B509B70071EAED /* Protocols */,
				B868AA9720B509BD0071EAED /* Providers */,
				B868AA9C20B50A9F0071EAED /* Delegates */,
			);
			path = Networking;
			sourceTree = "<group>";
		};
		B8F51B1B20CB905B00D2C965 /* ViewModel */ = {
			isa = PBXGroup;
			children = (
				B8F51B1C20CB907600D2C965 /* GameViewModel.swift */,
				B8F51B2020CB918C00D2C965 /* GameViewModelProtocol.swift */,
				B8F51B1E20CB915600D2C965 /* GameViewModelDelegate.swift */,
			);
			path = ViewModel;
			sourceTree = "<group>";
		};
/* End PBXGroup section */

/* Begin PBXNativeTarget section */
		B803B28420B503BE009E1661 /* IHSProject */ = {
			isa = PBXNativeTarget;
			buildConfigurationList = B803B29720B503BF009E1661 /* Build configuration list for PBXNativeTarget "IHSProject" */;
			buildPhases = (
				3784018E65A5F4E77D27D621 /* [CP] Check Pods Manifest.lock */,
				B803B28120B503BE009E1661 /* Sources */,
				B803B28220B503BE009E1661 /* Frameworks */,
				B803B28320B503BE009E1661 /* Resources */,
				F7466E16B39AED9C1F05F392 /* [CP] Embed Pods Frameworks */,
			);
			buildRules = (
			);
			dependencies = (
			);
			name = IHSProject;
			productName = IHSProject;
			productReference = B803B28520B503BE009E1661 /* IHSProject.app */;
			productType = "com.apple.product-type.application";
		};
/* End PBXNativeTarget section */

/* Begin PBXProject section */
		B803B27D20B503BE009E1661 /* Project object */ = {
			isa = PBXProject;
			attributes = {
				LastSwiftUpdateCheck = 0930;
				LastUpgradeCheck = 0930;
				ORGANIZATIONNAME = "Daniel Barbosa Maranhão";
				TargetAttributes = {
					B803B28420B503BE009E1661 = {
						CreatedOnToolsVersion = 9.3.1;
					};
				};
			};
			buildConfigurationList = B803B28020B503BE009E1661 /* Build configuration list for PBXProject "IHSProject" */;
			compatibilityVersion = "Xcode 9.3";
			developmentRegion = en;
			hasScannedForEncodings = 0;
			knownRegions = (
				en,
				Base,
			);
			mainGroup = B803B27C20B503BE009E1661;
			productRefGroup = B803B28620B503BE009E1661 /* Products */;
			projectDirPath = "";
			projectRoot = "";
			targets = (
				B803B28420B503BE009E1661 /* IHSProject */,
			);
		};
/* End PBXProject section */

/* Begin PBXResourcesBuildPhase section */
		B803B28320B503BE009E1661 /* Resources */ = {
			isa = PBXResourcesBuildPhase;
			buildActionMask = 2147483647;
			files = (
				B8639C8620CB4D6C0075CD8D /* explosion.mp3 in Resources */,
				B8639C8520CB4D6C0075CD8D /* torpedo.mp3 in Resources */,
				B8639C9420CB4EBF0075CD8D /* Starfield.sks in Resources */,
				0A78595020BCD056002EBA8F /* digital-7 (mono).ttf in Resources */,
				B803B29320B503BF009E1661 /* LaunchScreen.storyboard in Resources */,
				B803B29020B503BF009E1661 /* Assets.xcassets in Resources */,
				B8639C9D20CB51380075CD8D /* GameScene.sks in Resources */,
				B8639C9120CB4EAD0075CD8D /* Assets.xcassets in Resources */,
				B803B28E20B503BE009E1661 /* Main.storyboard in Resources */,
				B8639C9520CB4EBF0075CD8D /* Explosion.sks in Resources */,
			);
			runOnlyForDeploymentPostprocessing = 0;
		};
/* End PBXResourcesBuildPhase section */

/* Begin PBXShellScriptBuildPhase section */
		3784018E65A5F4E77D27D621 /* [CP] Check Pods Manifest.lock */ = {
			isa = PBXShellScriptBuildPhase;
			buildActionMask = 2147483647;
			files = (
			);
			inputPaths = (
				"${PODS_PODFILE_DIR_PATH}/Podfile.lock",
				"${PODS_ROOT}/Manifest.lock",
			);
			name = "[CP] Check Pods Manifest.lock";
			outputPaths = (
				"$(DERIVED_FILE_DIR)/Pods-IHSProject-checkManifestLockResult.txt",
			);
			runOnlyForDeploymentPostprocessing = 0;
			shellPath = /bin/sh;
			shellScript = "diff \"${PODS_PODFILE_DIR_PATH}/Podfile.lock\" \"${PODS_ROOT}/Manifest.lock\" > /dev/null\nif [ $? != 0 ] ; then\n    # print error to STDERR\n    echo \"error: The sandbox is not in sync with the Podfile.lock. Run 'pod install' or update your CocoaPods installation.\" >&2\n    exit 1\nfi\n# This output is used by Xcode 'outputs' to avoid re-running this script phase.\necho \"SUCCESS\" > \"${SCRIPT_OUTPUT_FILE_0}\"\n";
			showEnvVarsInLog = 0;
		};
		F7466E16B39AED9C1F05F392 /* [CP] Embed Pods Frameworks */ = {
			isa = PBXShellScriptBuildPhase;
			buildActionMask = 2147483647;
			files = (
			);
			inputPaths = (
				"${SRCROOT}/Pods/Target Support Files/Pods-IHSProject/Pods-IHSProject-frameworks.sh",
				"${BUILT_PRODUCTS_DIR}/Socket.IO-Client-Swift/SocketIO.framework",
				"${BUILT_PRODUCTS_DIR}/Starscream/Starscream.framework",
				"${BUILT_PRODUCTS_DIR}/SwiftyJSON/SwiftyJSON.framework",
			);
			name = "[CP] Embed Pods Frameworks";
			outputPaths = (
				"${TARGET_BUILD_DIR}/${FRAMEWORKS_FOLDER_PATH}/SocketIO.framework",
				"${TARGET_BUILD_DIR}/${FRAMEWORKS_FOLDER_PATH}/Starscream.framework",
				"${TARGET_BUILD_DIR}/${FRAMEWORKS_FOLDER_PATH}/SwiftyJSON.framework",
			);
			runOnlyForDeploymentPostprocessing = 0;
			shellPath = /bin/sh;
			shellScript = "\"${SRCROOT}/Pods/Target Support Files/Pods-IHSProject/Pods-IHSProject-frameworks.sh\"\n";
			showEnvVarsInLog = 0;
		};
/* End PBXShellScriptBuildPhase section */

/* Begin PBXSourcesBuildPhase section */
		B803B28120B503BE009E1661 /* Sources */ = {
			isa = PBXSourcesBuildPhase;
			buildActionMask = 2147483647;
			files = (
				0A78594220BC844C002EBA8F /* SwitchesViewModelDelegate.swift in Sources */,
				B868AA9920B509CA0071EAED /* SwitchesProtocol.swift in Sources */,
				B8F51B1F20CB915600D2C965 /* GameViewModelDelegate.swift in Sources */,
				B8577EFB20B51B61009E1055 /* ButtonsProtocol.swift in Sources */,
				B8F51B2320CB930200D2C965 /* GameSceneProtocol.swift in Sources */,
				B8F51B2120CB918C00D2C965 /* GameViewModelProtocol.swift in Sources */,
				B8577F0120B51B7E009E1055 /* DisplayProtocol.swift in Sources */,
				0A78594020BC7EBB002EBA8F /* SwitchesViewModel.swift in Sources */,
				B868AA9020B505B30071EAED /* Networking.swift in Sources */,
				0A78594820BCCA29002EBA8F /* ButtonsView.swift in Sources */,
				0A78593E20BC7EB0002EBA8F /* SwitchesViewModelProtocol.swift in Sources */,
				B8639C9B20CB4F8D0075CD8D /* GameScene.swift in Sources */,
				B868AA9B20B50A200071EAED /* SwitchesProvider.swift in Sources */,
				0A18978920BF34BE009D7C32 /* Circle.swift in Sources */,
				B8577EFF20B51B72009E1055 /* ButtonsDelegate.swift in Sources */,
				B8577EFD20B51B6A009E1055 /* ButtonsProvider.swift in Sources */,
				B8639CA020CB557E0075CD8D /* GameView.swift in Sources */,
				B868AA9E20B50AB00071EAED /* SwitchesDelegate.swift in Sources */,
				B8577F0520B51B95009E1055 /* DisplayDelegate.swift in Sources */,
				0A78595C20BCD2B7002EBA8F /* DisplayViewModelDelegate.swift in Sources */,
				0A78594C20BCCB38002EBA8F /* ButtonsViewModelProtocol.swift in Sources */,
				B8F51B2520CB95AA00D2C965 /* GameSceneDelegate.swift in Sources */,
				0A78595520BCD139002EBA8F /* DisplayViewModel.swift in Sources */,
				0A78595220BCD127002EBA8F /* DisplayView.swift in Sources */,
				B8F51B1D20CB907600D2C965 /* GameViewModel.swift in Sources */,
				0A78594A20BCCB10002EBA8F /* ButtonsViewModel.swift in Sources */,
				B8577F0320B51B89009E1055 /* DisplayProvider.swift in Sources */,
				0A78595720BCD148002EBA8F /* DisplayViewModelProtocol.swift in Sources */,
				B803B28920B503BE009E1661 /* AppDelegate.swift in Sources */,
				B843FFFD20BCF78900036B17 /* SwitchesTVCell.swift in Sources */,
				B868AA9320B506380071EAED /* Constants.swift in Sources */,
				0A78593B20BC7E97002EBA8F /* SwichtesView.swift in Sources */,
			);
			runOnlyForDeploymentPostprocessing = 0;
		};
/* End PBXSourcesBuildPhase section */

/* Begin PBXVariantGroup section */
		B803B28C20B503BE009E1661 /* Main.storyboard */ = {
			isa = PBXVariantGroup;
			children = (
				B803B28D20B503BE009E1661 /* Base */,
			);
			name = Main.storyboard;
			sourceTree = "<group>";
		};
		B803B29120B503BF009E1661 /* LaunchScreen.storyboard */ = {
			isa = PBXVariantGroup;
			children = (
				B803B29220B503BF009E1661 /* Base */,
			);
			name = LaunchScreen.storyboard;
			sourceTree = "<group>";
		};
/* End PBXVariantGroup section */

/* Begin XCBuildConfiguration section */
		B803B29520B503BF009E1661 /* Debug */ = {
			isa = XCBuildConfiguration;
			buildSettings = {
				ALWAYS_SEARCH_USER_PATHS = NO;
				CLANG_ANALYZER_NONNULL = YES;
				CLANG_ANALYZER_NUMBER_OBJECT_CONVERSION = YES_AGGRESSIVE;
				CLANG_CXX_LANGUAGE_STANDARD = "gnu++14";
				CLANG_CXX_LIBRARY = "libc++";
				CLANG_ENABLE_MODULES = YES;
				CLANG_ENABLE_OBJC_ARC = YES;
				CLANG_ENABLE_OBJC_WEAK = YES;
				CLANG_WARN_BLOCK_CAPTURE_AUTORELEASING = YES;
				CLANG_WARN_BOOL_CONVERSION = YES;
				CLANG_WARN_COMMA = YES;
				CLANG_WARN_CONSTANT_CONVERSION = YES;
				CLANG_WARN_DEPRECATED_OBJC_IMPLEMENTATIONS = YES;
				CLANG_WARN_DIRECT_OBJC_ISA_USAGE = YES_ERROR;
				CLANG_WARN_DOCUMENTATION_COMMENTS = YES;
				CLANG_WARN_EMPTY_BODY = YES;
				CLANG_WARN_ENUM_CONVERSION = YES;
				CLANG_WARN_INFINITE_RECURSION = YES;
				CLANG_WARN_INT_CONVERSION = YES;
				CLANG_WARN_NON_LITERAL_NULL_CONVERSION = YES;
				CLANG_WARN_OBJC_IMPLICIT_RETAIN_SELF = YES;
				CLANG_WARN_OBJC_LITERAL_CONVERSION = YES;
				CLANG_WARN_OBJC_ROOT_CLASS = YES_ERROR;
				CLANG_WARN_RANGE_LOOP_ANALYSIS = YES;
				CLANG_WARN_STRICT_PROTOTYPES = YES;
				CLANG_WARN_SUSPICIOUS_MOVE = YES;
				CLANG_WARN_UNGUARDED_AVAILABILITY = YES_AGGRESSIVE;
				CLANG_WARN_UNREACHABLE_CODE = YES;
				CLANG_WARN__DUPLICATE_METHOD_MATCH = YES;
				CODE_SIGN_IDENTITY = "iPhone Developer";
				COPY_PHASE_STRIP = NO;
				DEBUG_INFORMATION_FORMAT = dwarf;
				ENABLE_STRICT_OBJC_MSGSEND = YES;
				ENABLE_TESTABILITY = YES;
				GCC_C_LANGUAGE_STANDARD = gnu11;
				GCC_DYNAMIC_NO_PIC = NO;
				GCC_NO_COMMON_BLOCKS = YES;
				GCC_OPTIMIZATION_LEVEL = 0;
				GCC_PREPROCESSOR_DEFINITIONS = (
					"DEBUG=1",
					"$(inherited)",
				);
				GCC_WARN_64_TO_32_BIT_CONVERSION = YES;
				GCC_WARN_ABOUT_RETURN_TYPE = YES_ERROR;
				GCC_WARN_UNDECLARED_SELECTOR = YES;
				GCC_WARN_UNINITIALIZED_AUTOS = YES_AGGRESSIVE;
				GCC_WARN_UNUSED_FUNCTION = YES;
				GCC_WARN_UNUSED_VARIABLE = YES;
				IPHONEOS_DEPLOYMENT_TARGET = 11.3;
				MTL_ENABLE_DEBUG_INFO = YES;
				ONLY_ACTIVE_ARCH = YES;
				SDKROOT = iphoneos;
				SWIFT_ACTIVE_COMPILATION_CONDITIONS = DEBUG;
				SWIFT_OPTIMIZATION_LEVEL = "-Onone";
			};
			name = Debug;
		};
		B803B29620B503BF009E1661 /* Release */ = {
			isa = XCBuildConfiguration;
			buildSettings = {
				ALWAYS_SEARCH_USER_PATHS = NO;
				CLANG_ANALYZER_NONNULL = YES;
				CLANG_ANALYZER_NUMBER_OBJECT_CONVERSION = YES_AGGRESSIVE;
				CLANG_CXX_LANGUAGE_STANDARD = "gnu++14";
				CLANG_CXX_LIBRARY = "libc++";
				CLANG_ENABLE_MODULES = YES;
				CLANG_ENABLE_OBJC_ARC = YES;
				CLANG_ENABLE_OBJC_WEAK = YES;
				CLANG_WARN_BLOCK_CAPTURE_AUTORELEASING = YES;
				CLANG_WARN_BOOL_CONVERSION = YES;
				CLANG_WARN_COMMA = YES;
				CLANG_WARN_CONSTANT_CONVERSION = YES;
				CLANG_WARN_DEPRECATED_OBJC_IMPLEMENTATIONS = YES;
				CLANG_WARN_DIRECT_OBJC_ISA_USAGE = YES_ERROR;
				CLANG_WARN_DOCUMENTATION_COMMENTS = YES;
				CLANG_WARN_EMPTY_BODY = YES;
				CLANG_WARN_ENUM_CONVERSION = YES;
				CLANG_WARN_INFINITE_RECURSION = YES;
				CLANG_WARN_INT_CONVERSION = YES;
				CLANG_WARN_NON_LITERAL_NULL_CONVERSION = YES;
				CLANG_WARN_OBJC_IMPLICIT_RETAIN_SELF = YES;
				CLANG_WARN_OBJC_LITERAL_CONVERSION = YES;
				CLANG_WARN_OBJC_ROOT_CLASS = YES_ERROR;
				CLANG_WARN_RANGE_LOOP_ANALYSIS = YES;
				CLANG_WARN_STRICT_PROTOTYPES = YES;
				CLANG_WARN_SUSPICIOUS_MOVE = YES;
				CLANG_WARN_UNGUARDED_AVAILABILITY = YES_AGGRESSIVE;
				CLANG_WARN_UNREACHABLE_CODE = YES;
				CLANG_WARN__DUPLICATE_METHOD_MATCH = YES;
				CODE_SIGN_IDENTITY = "iPhone Developer";
				COPY_PHASE_STRIP = NO;
				DEBUG_INFORMATION_FORMAT = "dwarf-with-dsym";
				ENABLE_NS_ASSERTIONS = NO;
				ENABLE_STRICT_OBJC_MSGSEND = YES;
				GCC_C_LANGUAGE_STANDARD = gnu11;
				GCC_NO_COMMON_BLOCKS = YES;
				GCC_WARN_64_TO_32_BIT_CONVERSION = YES;
				GCC_WARN_ABOUT_RETURN_TYPE = YES_ERROR;
				GCC_WARN_UNDECLARED_SELECTOR = YES;
				GCC_WARN_UNINITIALIZED_AUTOS = YES_AGGRESSIVE;
				GCC_WARN_UNUSED_FUNCTION = YES;
				GCC_WARN_UNUSED_VARIABLE = YES;
				IPHONEOS_DEPLOYMENT_TARGET = 11.3;
				MTL_ENABLE_DEBUG_INFO = NO;
				SDKROOT = iphoneos;
				SWIFT_COMPILATION_MODE = wholemodule;
				SWIFT_OPTIMIZATION_LEVEL = "-O";
				VALIDATE_PRODUCT = YES;
			};
			name = Release;
		};
		B803B29820B503BF009E1661 /* Debug */ = {
			isa = XCBuildConfiguration;
			baseConfigurationReference = 2191F12D2D1695E2D0814CCF /* Pods-IHSProject.debug.xcconfig */;
			buildSettings = {
				ASSETCATALOG_COMPILER_APPICON_NAME = AppIcon;
				CODE_SIGN_STYLE = Automatic;
				DEVELOPMENT_TEAM = R7VMD329LH;
				INFOPLIST_FILE = "$(SRCROOT)/IHSProject/App/Info.plist";
				LD_RUNPATH_SEARCH_PATHS = (
					"$(inherited)",
					"@executable_path/Frameworks",
				);
				PRODUCT_BUNDLE_IDENTIFIER = br.ufpe.cin.IHSProject;
				PRODUCT_NAME = "$(TARGET_NAME)";
				SWIFT_VERSION = 4.0;
				TARGETED_DEVICE_FAMILY = "1,2";
			};
			name = Debug;
		};
		B803B29920B503BF009E1661 /* Release */ = {
			isa = XCBuildConfiguration;
			baseConfigurationReference = 7F3550B25CB69AFB4B3CD237 /* Pods-IHSProject.release.xcconfig */;
			buildSettings = {
				ASSETCATALOG_COMPILER_APPICON_NAME = AppIcon;
				CODE_SIGN_STYLE = Automatic;
				DEVELOPMENT_TEAM = R7VMD329LH;
				INFOPLIST_FILE = "$(SRCROOT)/IHSProject/App/Info.plist";
				LD_RUNPATH_SEARCH_PATHS = (
					"$(inherited)",
					"@executable_path/Frameworks",
				);
				PRODUCT_BUNDLE_IDENTIFIER = br.ufpe.cin.IHSProject;
				PRODUCT_NAME = "$(TARGET_NAME)";
				SWIFT_VERSION = 4.0;
				TARGETED_DEVICE_FAMILY = "1,2";
			};
			name = Release;
		};
/* End XCBuildConfiguration section */

/* Begin XCConfigurationList section */
		B803B28020B503BE009E1661 /* Build configuration list for PBXProject "IHSProject" */ = {
			isa = XCConfigurationList;
			buildConfigurations = (
				B803B29520B503BF009E1661 /* Debug */,
				B803B29620B503BF009E1661 /* Release */,
			);
			defaultConfigurationIsVisible = 0;
			defaultConfigurationName = Release;
		};
		B803B29720B503BF009E1661 /* Build configuration list for PBXNativeTarget "IHSProject" */ = {
			isa = XCConfigurationList;
			buildConfigurations = (
				B803B29820B503BF009E1661 /* Debug */,
				B803B29920B503BF009E1661 /* Release */,
			);
			defaultConfigurationIsVisible = 0;
			defaultConfigurationName = Release;
		};
/* End XCConfigurationList section */
	};
	rootObject = B803B27D20B503BE009E1661 /* Project object */;
}
